
Microsoft Visual Studio Solution File, Format Version 12.00
# Visual Studio 15
VisualStudioVersion = 15.0.27703.2042
MinimumVisualStudioVersion = 10.0.40219.1
Project("{FAE04EC0-301F-11D3-BF4B-00C04F79EFBC}") = "Contacts.Web", "Contacts.Web\Contacts.Web.csproj", "{92A57CDA-9356-4858-BCD3-D4B8FB5DDEE3}"
EndProject
Global
	GlobalSection(SolutionConfigurationPlatforms) = preSolution
		Debug|Any CPU = Debug|Any CPU
		Release|Any CPU = Release|Any CPU
	EndGlobalSection
	GlobalSection(ProjectConfigurationPlatforms) = postSolution
		{92A57CDA-9356-4858-BCD3-D4B8FB5DDEE3}.Debug|Any CPU.ActiveCfg = Debug|Any CPU
		{92A57CDA-9356-4858-BCD3-D4B8FB5DDEE3}.Debug|Any CPU.Build.0 = Debug|Any CPU
		{92A57CDA-9356-4858-BCD3-D4B8FB5DDEE3}.Release|Any CPU.ActiveCfg = Release|Any CPU
		{92A57CDA-9356-4858-BCD3-D4B8FB5DDEE3}.Release|Any CPU.Build.0 = Release|Any CPU
	EndGlobalSection
	GlobalSection(SolutionProperties) = preSolution
		HideSolutionNode = FALSE
	EndGlobalSection
	GlobalSection(ExtensibilityGlobals) = postSolution
		SolutionGuid = {F956EC98-6EAF-4EA5-88A1-60CE3D40A374}
	EndGlobalSection
EndGlobal
